{
  "nodes": {
    "fenix": {
      "inputs": {
        "nixpkgs": [
          "nixpkgs"
        ],
        "rust-analyzer-src": "rust-analyzer-src"
      },
      "locked": {
        "lastModified": 1784017020,
        "narHash": "sha256-49WO85egjNtN1vMgJ3zUjDh5IqO+ou4zZY80WQ6EKGg=",
        "owner": "nix-community",
        "repo": "fenix",
        "rev": "fa2a0be0f712d7147d1677d33d15ea7b0589cdb4",
        "type": "github"
      },
      "original": {
        "owner": "nix-community",
        "repo": "fenix",
        "type": "github"
      }
    },
    "nix-pkgset": {
      "inputs": {
        "nixpkgs": [
          "nixpkgs"
        ]
      },
      "locked": {
        "lastModified": 1742367519,
        "narHash": "sha256-0EzhVYhXDFNyM2NSFaKXj424EjKUbHo9nAj7QskRnHE=",
        "owner": "szlend",
        "repo": "nix-pkgset",
        "rev": "60e06913b0d15b4c35534a070de109cd413038c8",
        "type": "github"
      },
      "original": {
        "owner": "szlend",
        "repo": "nix-pkgset",
        "type": "github"
      }
    },
    "nixpkgs": {
      "locked": {
        "lastModified": 1784007870,
        "narHash": "sha256-djcLt/JJphyNt4eDY9XTly+/WbCK5lqWq9lSgCmJkkQ=",
        "owner": "NixOS",
        "repo": "nixpkgs",
        "rev": "18b9261cb3294b6d2a06d03f96872827b8fe2698",
        "type": "github"
      },
      "original": {
        "owner": "NixOS",
        "ref": "nixos-unstable",
        "repo": "nixpkgs",
        "type": "github"
      }
    },
    "root": {
      "inputs": {
        "fenix": "fenix",
        "nix-pkgset": "nix-pkgset",
        "nixpkgs": "nixpkgs",
        "xtensa-gcc-x86_64-linux-bin": "xtensa-gcc-x86_64-linux-bin",
        "xtensa-rust-src": "xtensa-rust-src",
        "xtensa-rust-x86_64-linux-bin": "xtensa-rust-x86_64-linux-bin"
      }
    },
    "rust-analyzer-src": {
      "flake": false,
      "locked": {
        "lastModified": 1783975201,
        "narHash": "sha256-oyHWTfKWk06nTynCO8ByEAx/KEARvOOyTVnwinOmK3Q=",
        "owner": "rust-lang",
        "repo": "rust-analyzer",
        "rev": "63a6f0d4bcfd3bbcf36383fcbcbcd93456ed1653",
        "type": "github"
      },
      "original": {
        "owner": "rust-lang",
        "ref": "nightly",
        "repo": "rust-analyzer",
        "type": "github"
      }
    },
    "xtensa-gcc-x86_64-linux-bin": {
      "flake": false,
      "locked": {
        "lastModified": 1781021594,
        "narHash": "sha256-D02nz89injwvi+CD8tE8j/xkp1YrS28XvAmqCd3Dm+A=",
        "type": "tarball",
        "url": "https://github.com/espressif/crosstool-NG/releases/download/esp-16.1.0_20260609/xtensa-esp-elf-16.1.0_20260609-x86_64-linux-gnu.tar.xz"
      },
      "original": {
        "type": "tarball",
        "url": "https://github.com/espressif/crosstool-NG/releases/download/esp-16.1.0_20260609/xtensa-esp-elf-16.1.0_20260609-x86_64-linux-gnu.tar.xz"
      }
    },
    "xtensa-rust-src": {
      "flake": false,
      "locked": {
        "lastModified": 1783505347,
        "narHash": "sha256-0Q/hfXD0R1pVzTgS0N8X2D3ZvPYX4y4k/EmxPy2474k=",
        "type": "tarball",
        "url": "https://github.com/esp-rs/rust-build/releases/download/v1.97.0.0/rust-src-1.97.0.0.tar.xz"
      },
      "original": {
        "type": "tarball",
        "url": "https://github.com/esp-rs/rust-build/releases/download/v1.97.0.0/rust-src-1.97.0.0.tar.xz"
      }
    },
    "xtensa-rust-x86_64-linux-bin": {
      "flake": false,
      "locked": {
        "lastModified": 1783505347,
        "narHash": "sha256-CnxysCl+Hcllge0olHSBOstgbhqDsCRAhg+mDUAnEs0=",
        "type": "tarball",
        "url": "https://github.com/esp-rs/rust-build/releases/download/v1.97.0.0/rust-1.97.0.0-x86_64-unknown-linux-gnu.tar.xz"
      },
      "original": {
        "type": "tarball",
        "url": "https://github.com/esp-rs/rust-build/releases/download/v1.97.0.0/rust-1.97.0.0-x86_64-unknown-linux-gnu.tar.xz"
      }
    }
  },
  "root": "root",
  "version": 7
}
